PODS:
  - AFNetworking (4.0.1):
    - AFNetworking/NSURLSession (= 4.0.1)
    - AFNetworking/Reachability (= 4.0.1)
    - AFNetworking/Security (= 4.0.1)
    - AFNetworking/Serialization (= 4.0.1)
    - AFNetworking/UIKit (= 4.0.1)
  - AFNetworking/NSURLSession (4.0.1):
    - AFNetworking/Reachability
    - AFNetworking/Security
    - AFNetworking/Serialization
  - AFNetworking/Reachability (4.0.1)
  - AFNetworking/Security (4.0.1)
  - AFNetworking/Serialization (4.0.1)
  - AFNetworking/UIKit (4.0.1):
    - AFNetworking/NSURLSession
  - CocoaAsyncSocket (7.6.5)
  - CocoaDebug (1.6.3)
  - FDFullscreenPopGesture (1.1)
  - Kingfisher (4.10.1)
  - KTVCocoaHTTPServer (1.0.0):
    - CocoaAsyncSocket
  - KTVHTTPCache (2.0.1):
    - KTVCocoaHTTPServer
  - Masonry (1.1.0)
  - MJRefresh (3.2.3)
  - NJKWebViewProgress (0.2.3):
    - NJKWebViewProgress/Core (= 0.2.3)
    - NJKWebViewProgress/ProgressView (= 0.2.3)
  - NJKWebViewProgress/Core (0.2.3)
  - NJKWebViewProgress/ProgressView (0.2.3)
  - OpenUDID (1.0.0)
  - PINCache (3.0.3):
    - PINCache/Arc-exception-safe (= 3.0.3)
    - PINCache/Core (= 3.0.3)
  - PINCache/Arc-exception-safe (3.0.3):
    - PINCache/Core
  - PINCache/Core (3.0.3):
    - PINOperation (~> 1.2.1)
  - PINOperation (1.2.1)
  - PINRemoteImage/Core (3.0.3):
    - PINOperation
  - PINRemoteImage/iOS (3.0.3):
    - PINRemoteImage/Core
  - PINRemoteImage/PINCache (3.0.3):
    - PINCache (~> 3.0.3)
    - PINRemoteImage/Core
  - ReactiveObjC (3.1.1)
  - RxCocoa (6.1.0):
    - RxRelay (= 6.1.0)
    - RxSwift (= 6.1.0)
  - RxRelay (6.1.0):
    - RxSwift (= 6.1.0)
  - RxSwift (6.1.0)
  - SDCycleScrollView (1.82):
    - SDWebImage (>= 5.0.0)
  - SDWebImage (5.10.4):
    - SDWebImage/Core (= 5.10.4)
  - SDWebImage/Core (5.10.4)
  - SnapKit (4.2.0)
  - Texture (3.0.0):
    - Texture/AssetsLibrary (= 3.0.0)
    - Texture/Core (= 3.0.0)
    - Texture/MapKit (= 3.0.0)
    - Texture/Photos (= 3.0.0)
    - Texture/PINRemoteImage (= 3.0.0)
    - Texture/Video (= 3.0.0)
  - Texture/AssetsLibrary (3.0.0):
    - Texture/Core
  - Texture/Core (3.0.0)
  - Texture/MapKit (3.0.0):
    - Texture/Core
  - Texture/Photos (3.0.0):
    - Texture/Core
  - Texture/PINRemoteImage (3.0.0):
    - PINRemoteImage/iOS (~> 3.0.0)
    - PINRemoteImage/PINCache
    - Texture/Core
  - Texture/Video (3.0.0):
    - Texture/Core
  - TOCropViewController (2.5.5)
  - TZImagePickerController (3.2.9)
  - YDDWebView (0.0.2)
  - YYCache (1.0.4)
  - YYCategories (1.0.4):
    - YYCategories/no-arc (= 1.0.4)
  - YYCategories/no-arc (1.0.4)
  - YYImage (1.0.4):
    - YYImage/Core (= 1.0.4)
  - YYImage/Core (1.0.4)
  - YYModel (1.0.4)
  - YYWebImage (1.0.5):
    - YYCache
    - YYImage

DEPENDENCIES:
  - AFNetworking (= 4.0.1)
  - CocoaDebug
  - FDFullscreenPopGesture
  - Kingfisher
  - KTVHTTPCache (= 2.0.1)
  - Masonry (~> 1.1.0)
  - MJRefresh (~> 3.2.0)
  - NJKWebViewProgress (~> 0.2.3)
  - OpenUDID (~> 1.0.0)
  - ReactiveObjC
  - RxCocoa
  - RxSwift
  - SDCycleScrollView (~> 1.80)
  - SnapKit
  - Texture
  - TOCropViewController (~> 2.5.1)
  - TZImagePickerController (~> 3.2.1)
  - YDDWebView (from `../YDDPods/YDDWebView`)
  - YYCache (~> 1.0.4)
  - YYCategories (~> 1.0.4)
  - YYImage (~> 1.0.4)
  - YYModel (~> 1.0.4)
  - YYWebImage (~> 1.0.5)

SPEC REPOS:
  trunk:
    - AFNetworking
    - CocoaAsyncSocket
    - CocoaDebug
    - FDFullscreenPopGesture
    - Kingfisher
    - KTVCocoaHTTPServer
    - KTVHTTPCache
    - Masonry
    - MJRefresh
    - NJKWebViewProgress
    - OpenUDID
    - PINCache
    - PINOperation
    - PINRemoteImage
    - ReactiveObjC
    - RxCocoa
    - RxRelay
    - RxSwift
    - SDCycleScrollView
    - SDWebImage
    - SnapKit
    - Texture
    - TOCropViewController
    - TZImagePickerController
    - YYCache
    - YYCategories
    - YYImage
    - YYModel
    - YYWebImage

EXTERNAL SOURCES:
  YDDWebView:
    :path: "../YDDPods/YDDWebView"

SPEC CHECKSUMS:
  AFNetworking: 7864c38297c79aaca1500c33288e429c3451fdce
  CocoaAsyncSocket: 065fd1e645c7abab64f7a6a2007a48038fdc6a99
  CocoaDebug: 188ea707c3728402e16efffa8d309a4704f1c59a
  FDFullscreenPopGesture: a8a620179e3d9c40e8e00256dcee1c1a27c6d0f0
  Kingfisher: c148cd7b47ebde9989f6bc7c27dcaa79d81279a0
  KTVCocoaHTTPServer: df8d7b861e603ff8037e9b2138aca2563a6b768d
  KTVHTTPCache: 588c3eb16f6bd1e6fde1e230dabfb7bd4e490a4d
  Masonry: 678fab65091a9290e40e2832a55e7ab731aad201
  MJRefresh: 2b1214a2dc8f4df4c5dcb028ea2ad4e245425fb7
  NJKWebViewProgress: f481fd424cb5ecc27eacae11b5397db92fba9a4d
  OpenUDID: e7cb6984c7304906ad20f3a36bf087b025896b6b
  PINCache: 7a8fc1a691173d21dbddbf86cd515de6efa55086
  PINOperation: 00c935935f1e8cf0d1e2d6b542e75b88fc3e5e20
  PINRemoteImage: f1295b29f8c5e640e25335a1b2bd9d805171bd01
  ReactiveObjC: 011caa393aa0383245f2dcf9bf02e86b80b36040
  RxCocoa: 5c51f02d562cbd94629f6c26cf0c80fe4ab8d343
  RxRelay: 483e1a19fad961b41f0b0c0bee506f46c1ae14fe
  RxSwift: a834e5c538e89eca0cae86f403f4fbf0336786ce
  SDCycleScrollView: a0d74c3384caa72bdfc81470bdbc8c14b3e1fbcf
  SDWebImage: c666b97e1fa9c64b4909816a903322018f0a9c84
  SnapKit: fe8a619752f3f27075cc9a90244d75c6c3f27e2a
  Texture: 2f109e937850d94d1d07232041c9c7313ccddb81
  TOCropViewController: da59f531f8ac8a94ef6d6c0fc34009350f9e8bfe
  TZImagePickerController: 1f92968aa0e98a06b9e2eccca8560acc19254257
  YDDWebView: 1a460a5c405bb802bd182d674a90efe0ed9c369c
  YYCache: 8105b6638f5e849296c71f331ff83891a4942952
  YYCategories: 6bcd4314c6661a561410dce4a793379ebd306abd
  YYImage: 1e1b62a9997399593e4b9c4ecfbbabbf1d3f3b54
  YYModel: 2a7fdd96aaa4b86a824e26d0c517de8928c04b30
  YYWebImage: 5f7f36aee2ae293f016d418c7d6ba05c4863e928

PODFILE CHECKSUM: 4d13ab5f566bf961d0ec8243217bc58a45364c2c

COCOAPODS: 1.11.2
