PODS:
  - CocoaAsyncSocket (7.6.4)
  - FDFullscreenPopGesture (1.1)
  - KTVCocoaHTTPServer (1.0.0):
    - CocoaAsyncSocket
  - KTVHTTPCache (1.0.4):
    - KTVCocoaHTTPServer
  - Masonry (1.1.0)
  - MBProgressHUD (1.1.0)
  - MJRefresh (3.2.0)
  - NJKWebViewProgress (0.2.3):
    - NJKWebViewProgress/Core (= 0.2.3)
    - NJKWebViewProgress/ProgressView (= 0.2.3)
  - NJKWebViewProgress/Core (0.2.3)
  - NJKWebViewProgress/ProgressView (0.2.3)
  - OpenUDID (1.0.0)
  - SDCycleScrollView (1.80):
    - SDWebImage (>= 5.0.0)
  - SDWebImage (5.0.6):
    - SDWebImage/Core (= 5.0.6)
  - SDWebImage/Core (5.0.6)
  - TOCropViewController (2.5.1)
  - TZImagePickerController (3.2.1)
  - YYCache (1.0.4)
  - YYCategories (1.0.4):
    - YYCategories/no-arc (= 1.0.4)
  - YYCategories/no-arc (1.0.4)
  - YYImage (1.0.4):
    - YYImage/Core (= 1.0.4)
  - YYImage/Core (1.0.4)
  - YYModel (1.0.4)
  - YYWebImage (1.0.5):
    - YYCache
    - YYImage

DEPENDENCIES:
  - FDFullscreenPopGesture
  - KTVHTTPCache (~> 1.0.0)
  - Masonry (~> 1.1.0)
  - MBProgressHUD (~> 1.1.0)
  - MJRefresh (~> 3.2.0)
  - NJKWebViewProgress (~> 0.2.3)
  - OpenUDID (~> 1.0.0)
  - SDCycleScrollView (~> 1.80)
  - TOCropViewController (~> 2.5.1)
  - TZImagePickerController (~> 3.2.1)
  - YYCache (~> 1.0.4)
  - YYCategories (~> 1.0.4)
  - YYImage (~> 1.0.4)
  - YYModel (~> 1.0.4)
  - YYWebImage (~> 1.0.5)

SPEC REPOS:
  "git@gitlab.91banban.com:ios_pods/Specs.git":
    - Masonry
    - MBProgressHUD
    - NJKWebViewProgress
    - YYCategories
    - YYModel
    - YYWebImage
  trunk:
    - CocoaAsyncSocket
    - FDFullscreenPopGesture
    - KTVCocoaHTTPServer
    - KTVHTTPCache
    - MJRefresh
    - OpenUDID
    - SDCycleScrollView
    - SDWebImage
    - TOCropViewController
    - TZImagePickerController
    - YYCache
    - YYImage

SPEC CHECKSUMS:
  CocoaAsyncSocket: 694058e7c0ed05a9e217d1b3c7ded962f4180845
  FDFullscreenPopGesture: a8a620179e3d9c40e8e00256dcee1c1a27c6d0f0
  KTVCocoaHTTPServer: df8d7b861e603ff8037e9b2138aca2563a6b768d
  KTVHTTPCache: 158a79650b704ebc49a48a2a10def3b584c18d2d
  Masonry: b6fab37fbabf245a9f09ea977b26b6969ad5b75e
  MBProgressHUD: da6ff2eff2ed6235765fb3e7ace9031b6cdbc038
  MJRefresh: ed450d6eb9d3346a2cb033ab7eb6de090aeef437
  NJKWebViewProgress: 051a02ce6233fa3ba4de2c391c39a68db236a9cc
  OpenUDID: e7cb6984c7304906ad20f3a36bf087b025896b6b
  SDCycleScrollView: b3c9a5ed840c771c4938978174c7c9d9feefeb96
  SDWebImage: 920f1a2ff1ca8296ad34f6e0510a1ef1d70ac965
  TOCropViewController: 00dc36c4e4a0f4a45efa91adbf22df8a4fae01d3
  TZImagePickerController: bf4c57b98d8707fce41ea6be872414a71c7a8c9d
  YYCache: 8105b6638f5e849296c71f331ff83891a4942952
  YYCategories: f5f25b7281b8d13ff562a19049855785ef9e81bf
  YYImage: 1e1b62a9997399593e4b9c4ecfbbabbf1d3f3b54
  YYModel: 0cb4565b5bd8d59a4b0b83b345cc481aef28312f
  YYWebImage: 53f1935ca0053e84f9f47db6705535cd55b6e5ed

PODFILE CHECKSUM: ada01490a13eed3e22da0993954dc05bc942e89b

COCOAPODS: 1.9.3
